
Microsoft Visual Studio Solution File, Format Version 12.00
# Visual Studio Version 16
VisualStudioVersion = 16.0.30611.23
MinimumVisualStudioVersion = 10.0.40219.1
Project("{9A19103F-16F7-4668-BE54-9A1E7A4F7556}") = "Bodoconsult.Core.Charting", "Bodoconsult.Core.Charting\Bodoconsult.Core.Charting.csproj", "{DD447D21-F42F-4D0E-9DBA-6E6AACAE12DD}"
EndProject
Project("{9A19103F-16F7-4668-BE54-9A1E7A4F7556}") = "Bodoconsult.Core.Charting.Test", "Bodoconsult.Core.Charting.Test\Bodoconsult.Core.Charting.Test.csproj", "{FC2B112A-9C84-4949-AA3D-746A31844F97}"
EndProject
Global
	GlobalSection(SolutionConfigurationPlatforms) = preSolution
		Debug|Any CPU = Debug|Any CPU
		Release|Any CPU = Release|Any CPU
	EndGlobalSection
	GlobalSection(ProjectConfigurationPlatforms) = postSolution
		{DD447D21-F42F-4D0E-9DBA-6E6AACAE12DD}.Debug|Any CPU.ActiveCfg = Debug|Any CPU
		{DD447D21-F42F-4D0E-9DBA-6E6AACAE12DD}.Debug|Any CPU.Build.0 = Debug|Any CPU
		{DD447D21-F42F-4D0E-9DBA-6E6AACAE12DD}.Release|Any CPU.ActiveCfg = Release|Any CPU
		{DD447D21-F42F-4D0E-9DBA-6E6AACAE12DD}.Release|Any CPU.Build.0 = Release|Any CPU
		{FC2B112A-9C84-4949-AA3D-746A31844F97}.Debug|Any CPU.ActiveCfg = Debug|Any CPU
		{FC2B112A-9C84-4949-AA3D-746A31844F97}.Debug|Any CPU.Build.0 = Debug|Any CPU
		{FC2B112A-9C84-4949-AA3D-746A31844F97}.Release|Any CPU.ActiveCfg = Release|Any CPU
		{FC2B112A-9C84-4949-AA3D-746A31844F97}.Release|Any CPU.Build.0 = Release|Any CPU
	EndGlobalSection
	GlobalSection(SolutionProperties) = preSolution
		HideSolutionNode = FALSE
	EndGlobalSection
	GlobalSection(ExtensibilityGlobals) = postSolution
		SolutionGuid = {89E102D4-92AA-4556-9F02-2CF6ED000597}
	EndGlobalSection
EndGlobal
